<?xml version="1.0" encoding="utf-8"?>
<Project ToolsVersion="4.0" xmlns="http://schemas.microsoft.com/developer/msbuild/2003">
  <ItemGroup>
    <Filter Include="Platform">
      <UniqueIdentifier>{2AC788B4-1694-E3BF-3FAD-D1672BD9184E}</UniqueIdentifier>
    </Filter>
    <Filter Include="Platform\Window">
      <UniqueIdentifier>{D1E05B2F-3D6C-C9F3-467D-4CE8B28725F4}</UniqueIdentifier>
    </Filter>
    <Filter Include="Rabona">
      <UniqueIdentifier>{18F538CE-0497-63A4-ED51-77F8D992EAF4}</UniqueIdentifier>
    </Filter>
    <Filter Include="Rabona\Events">
      <UniqueIdentifier>{FCF59491-68B6-10C8-31F1-59459D7055A4}</UniqueIdentifier>
    </Filter>
    <Filter Include="Rabona\ImGui">
      <UniqueIdentifier>{42DCDABE-2E3F-6A63-D7C4-A219C30636E6}</UniqueIdentifier>
    </Filter>
    <Filter Include="Rabona\ImGui\OpenGL">
      <UniqueIdentifier>{36E7E0A3-A248-BEB1-2BB6-04649716F570}</UniqueIdentifier>
    </Filter>
  </ItemGroup>
  <ItemGroup>
    <ClInclude Include="src\Platform\Window\WindowsWindow.h">
      <Filter>Platform\Window</Filter>
    </ClInclude>
    <ClInclude Include="src\Rabona.h" />
    <ClInclude Include="src\Rabona\Application.h">
      <Filter>Rabona</Filter>
    </ClInclude>
    <ClInclude Include="src\Rabona\Core.h">
      <Filter>Rabona</Filter>
    </ClInclude>
    <ClInclude Include="src\Rabona\EntryPoint.h">
      <Filter>Rabona</Filter>
    </ClInclude>
    <ClInclude Include="src\Rabona\Events\ApplicationEvent.h">
      <Filter>Rabona\Events</Filter>
    </ClInclude>
    <ClInclude Include="src\Rabona\Events\Event.h">
      <Filter>Rabona\Events</Filter>
    </ClInclude>
    <ClInclude Include="src\Rabona\Events\KeyEvent.h">
      <Filter>Rabona\Events</Filter>
    </ClInclude>
    <ClInclude Include="src\Rabona\Events\MouseEvent.h">
      <Filter>Rabona\Events</Filter>
    </ClInclude>
    <ClInclude Include="src\Rabona\ImGui\ImGuiLayer.h">
      <Filter>Rabona\ImGui</Filter>
    </ClInclude>
    <ClInclude Include="src\Platform\OpenGL\ImGuiOpenGLRenderer.h">
      <Filter>Rabona\ImGui\OpenGL</Filter>
    </ClInclude>
    <ClInclude Include="src\Rabona\Layer.h">
      <Filter>Rabona</Filter>
    </ClInclude>
    <ClInclude Include="src\Rabona\LayerStack.h">
      <Filter>Rabona</Filter>
    </ClInclude>
    <ClInclude Include="src\Rabona\Log.h">
      <Filter>Rabona</Filter>
    </ClInclude>
    <ClInclude Include="src\Rabona\Window.h">
      <Filter>Rabona</Filter>
    </ClInclude>
    <ClInclude Include="src\Rbpch.h" />
  </ItemGroup>
  <ItemGroup>
    <ClCompile Include="src\Platform\Window\WindowsWindow.cpp">
      <Filter>Platform\Window</Filter>
    </ClCompile>
    <ClCompile Include="src\Rabona\Application.cpp">
      <Filter>Rabona</Filter>
    </ClCompile>
    <ClCompile Include="src\Rabona\ImGui\ImGuiLayer.cpp">
      <Filter>Rabona\ImGui</Filter>
    </ClCompile>
    <ClCompile Include="src\Platform\OpenGL\ImGuiOpenGLRenderer.cpp">
      <Filter>Rabona\ImGui\OpenGL</Filter>
    </ClCompile>
    <ClCompile Include="src\Rabona\Layer.cpp">
      <Filter>Rabona</Filter>
    </ClCompile>
    <ClCompile Include="src\Rabona\LayerStack.cpp">
      <Filter>Rabona</Filter>
    </ClCompile>
    <ClCompile Include="src\Rabona\Log.cpp">
      <Filter>Rabona</Filter>
    </ClCompile>
    <ClCompile Include="src\Rbpch.cpp" />
  </ItemGroup>
</Project>